{
  "name": "project-foundation-maintenance",
  "version": "1.1.0-draft.1",
  "lockfileVersion": 3,
  "requires": true,
  "packages": {
    "": {
      "name": "project-foundation-maintenance",
      "version": "1.1.0-draft.1",
      "license": "MPL-2.0",
      "engines": {
        "node": "24.x"
      }
    }
  }
}
